{
  "originHash" : "e1c2933610e579d78fa923168312f35556f9daa0fe911fefc0a1aa2892e83a1c",
  "pins" : [
    {
      "identity" : "brightcove-player-sdk-ios",
      "kind" : "remoteSourceControl",
      "location" : "https://github.com/brightcove/brightcove-player-sdk-ios.git",
      "state" : {
        "revision" : "214ed61777ea4004020d7d82016464646fb4ab88",
        "version" : "7.2.16"
      }
    },
    {
      "identity" : "google-cast-sdk",
      "kind" : "remoteSourceControl",
      "location" : "https://github.com/SRGSSR/google-cast-sdk.git",
      "state" : {
        "revision" : "3aeee2495b3bb03737d5105dbf21afdd6b267658",
        "version" : "4.8.3"
      }
    },
    {
      "identity" : "swift-package-manager-google-interactive-media-ads-ios",
      "kind" : "remoteSourceControl",
      "location" : "https://github.com/googleads/swift-package-manager-google-interactive-media-ads-ios.git",
      "state" : {
        "revision" : "60c708f077d0d2aa02dfbfdeb60f2be8feb1c548",
        "version" : "3.26.1"
      }
    },
    {
      "identity" : "swift-package-manager-google-interactive-media-ads-tvos",
      "kind" : "remoteSourceControl",
      "location" : "https://github.com/googleads/swift-package-manager-google-interactive-media-ads-tvos.git",
      "state" : {
        "revision" : "fe5a302eb17388077258b02e2a18e88f63100625",
        "version" : "4.16.0"
      }
    }
  ],
  "version" : 3
}
