{
  "originHash" : "6c5bd6d04d3bfb0b0bbc8524ab58a999f83edb3290ec3cfba27fed93ab11be34",
  "pins" : [
    {
      "identity" : "brightcove-player-sdk-ios",
      "kind" : "remoteSourceControl",
      "location" : "https://github.com/brightcove/brightcove-player-sdk-ios.git",
      "state" : {
        "revision" : "10232f15f4bf4358bcf2316746d950f6391efe60",
        "version" : "7.2.19"
      }
    },
    {
      "identity" : "google-cast-sdk",
      "kind" : "remoteSourceControl",
      "location" : "https://github.com/SRGSSR/google-cast-sdk.git",
      "state" : {
        "revision" : "3aeee2495b3bb03737d5105dbf21afdd6b267658",
        "version" : "4.8.3"
      }
    },
    {
      "identity" : "swift-package-manager-google-interactive-media-ads-ios",
      "kind" : "remoteSourceControl",
      "location" : "https://github.com/googleads/swift-package-manager-google-interactive-media-ads-ios.git",
      "state" : {
        "revision" : "60c708f077d0d2aa02dfbfdeb60f2be8feb1c548",
        "version" : "3.26.1"
      }
    },
    {
      "identity" : "swift-package-manager-google-interactive-media-ads-tvos",
      "kind" : "remoteSourceControl",
      "location" : "https://github.com/googleads/swift-package-manager-google-interactive-media-ads-tvos.git",
      "state" : {
        "revision" : "fe5a302eb17388077258b02e2a18e88f63100625",
        "version" : "4.16.0"
      }
    }
  ],
  "version" : 3
}
